
Microsoft Visual Studio Solution File, Format Version 10.00
# Visual Studio 2008
Project("{8BC9CEB8-8B4A-11D0-8D11-00A0C91BC942}") = "RayTracerCPU", "RayTracerCPU.vcproj", "{53EA537F-F0D9-3620-A4F3-6A7F91A34DB3}"
EndProject
Global
	GlobalSection(SolutionConfigurationPlatforms) = preSolution
		Debug|Win32 = Debug|Win32
		Release|Win32 = Release|Win32
	EndGlobalSection
	GlobalSection(ProjectConfigurationPlatforms) = postSolution
		{53EA537F-F0D9-3620-A4F3-6A7F91A34DB3}.Debug|Win32.ActiveCfg = Debug|Win32
		{53EA537F-F0D9-3620-A4F3-6A7F91A34DB3}.Debug|Win32.Build.0 = Debug|Win32
		{53EA537F-F0D9-3620-A4F3-6A7F91A34DB3}.Release|Win32.ActiveCfg = Release|Win32
		{53EA537F-F0D9-3620-A4F3-6A7F91A34DB3}.Release|Win32.Build.0 = Release|Win32
	EndGlobalSection
	GlobalSection(SolutionProperties) = preSolution
		HideSolutionNode = FALSE
	EndGlobalSection
EndGlobal
